
Microsoft Visual Studio Solution File, Format Version 12.00
# Visual Studio 15
VisualStudioVersion = 15.0.28307.271
MinimumVisualStudioVersion = 10.0.40219.1
Project("{FAE04EC0-301F-11D3-BF4B-00C04F79EFBC}") = "contaBancaria", "contaBancaria\contaBancaria.csproj", "{629968EC-08D1-4E69-81BE-70741ACEBB5E}"
EndProject
Global
	GlobalSection(SolutionConfigurationPlatforms) = preSolution
		Debug|Any CPU = Debug|Any CPU
		Release|Any CPU = Release|Any CPU
	EndGlobalSection
	GlobalSection(ProjectConfigurationPlatforms) = postSolution
		{629968EC-08D1-4E69-81BE-70741ACEBB5E}.Debug|Any CPU.ActiveCfg = Debug|Any CPU
		{629968EC-08D1-4E69-81BE-70741ACEBB5E}.Debug|Any CPU.Build.0 = Debug|Any CPU
		{629968EC-08D1-4E69-81BE-70741ACEBB5E}.Release|Any CPU.ActiveCfg = Release|Any CPU
		{629968EC-08D1-4E69-81BE-70741ACEBB5E}.Release|Any CPU.Build.0 = Release|Any CPU
	EndGlobalSection
	GlobalSection(SolutionProperties) = preSolution
		HideSolutionNode = FALSE
	EndGlobalSection
	GlobalSection(ExtensibilityGlobals) = postSolution
		SolutionGuid = {BD77EB68-FA19-4662-AD6F-4FD7408E65D2}
	EndGlobalSection
EndGlobal
